{
  "name": "cf-chat",
  "version": "0.6.0",
  "lockfileVersion": 3,
  "requires": true,
  "packages": {
    "": {
      "name": "cf-chat",
      "version": "0.6.0",
      "license": "BSD-3-Clause",
      "devDependencies": {
        "@cloudflare/workers-types": "^4.20241224.0",
        "@tsconfig/strictest": "^2.0.5"
      }
    },
    "node_modules/@cloudflare/workers-types": {
      "version": "4.20241224.0",
      "resolved": "https://registry.npmjs.org/@cloudflare/workers-types/-/workers-types-4.20241224.0.tgz",
      "integrity": "sha512-1ZmFc8qqM7S/HUGmLplc4P8n8DoMqiJmc47r9Lr7VbuaotoqCXVljz09w1V1mc4K3pbFPgvqSy4XYStZ08HrlQ==",
      "dev": true,
      "license": "MIT OR Apache-2.0"
    },
    "node_modules/@tsconfig/strictest": {
      "version": "2.0.5",
      "resolved": "https://registry.npmjs.org/@tsconfig/strictest/-/strictest-2.0.5.tgz",
      "integrity": "sha512-ec4tjL2Rr0pkZ5hww65c+EEPYwxOi4Ryv+0MtjeaSQRJyq322Q27eOQiFbuNgw2hpL4hB1/W/HBGk3VKS43osg==",
      "dev": true,
      "license": "MIT"
    }
  }
}
